
Microsoft Visual Studio Solution File, Format Version 12.00
# Visual Studio 15
VisualStudioVersion = 15.0.27428.2043
MinimumVisualStudioVersion = 10.0.40219.1
Project("{FAE04EC0-301F-11D3-BF4B-00C04F79EFBC}") = "ShellOpener", "ShellOpener\ShellOpener.csproj", "{B7D8CA1E-CA1D-4FA9-868C-E13EC8548761}"
EndProject
Project("{FAE04EC0-301F-11D3-BF4B-00C04F79EFBC}") = "ShellClient", "ShellClient\ShellClient.csproj", "{893D3BAF-BF4A-40DD-88C4-EA0A33F05821}"
EndProject
Global
	GlobalSection(SolutionConfigurationPlatforms) = preSolution
		Debug|Any CPU = Debug|Any CPU
		Release|Any CPU = Release|Any CPU
	EndGlobalSection
	GlobalSection(ProjectConfigurationPlatforms) = postSolution
		{B7D8CA1E-CA1D-4FA9-868C-E13EC8548761}.Debug|Any CPU.ActiveCfg = Debug|Any CPU
		{B7D8CA1E-CA1D-4FA9-868C-E13EC8548761}.Debug|Any CPU.Build.0 = Debug|Any CPU
		{B7D8CA1E-CA1D-4FA9-868C-E13EC8548761}.Release|Any CPU.ActiveCfg = Release|Any CPU
		{B7D8CA1E-CA1D-4FA9-868C-E13EC8548761}.Release|Any CPU.Build.0 = Release|Any CPU
		{893D3BAF-BF4A-40DD-88C4-EA0A33F05821}.Debug|Any CPU.ActiveCfg = Debug|Any CPU
		{893D3BAF-BF4A-40DD-88C4-EA0A33F05821}.Debug|Any CPU.Build.0 = Debug|Any CPU
		{893D3BAF-BF4A-40DD-88C4-EA0A33F05821}.Release|Any CPU.ActiveCfg = Release|Any CPU
		{893D3BAF-BF4A-40DD-88C4-EA0A33F05821}.Release|Any CPU.Build.0 = Release|Any CPU
	EndGlobalSection
	GlobalSection(SolutionProperties) = preSolution
		HideSolutionNode = FALSE
	EndGlobalSection
	GlobalSection(ExtensibilityGlobals) = postSolution
		SolutionGuid = {7EC088E8-9BCE-4017-A0FE-4ED2E0473F68}
	EndGlobalSection
EndGlobal
